// !$*UTF8*$!
{
	archiveVersion = 1;
	classes = {
	};
	objectVersion = 56;
	objects = {

/* Begin PBXBuildFile section */
		991F9F942D0F500F008CD497 /* App1178App.swift in Sources */ = {isa = PBXBuildFile; fileRef = 991F9F932D0F500F008CD497 /* App1178App.swift */; };
		991F9F962D0F500F008CD497 /* ContentView.swift in Sources */ = {isa = PBXBuildFile; fileRef = 991F9F952D0F500F008CD497 /* ContentView.swift */; };
		991F9F982D0F5011008CD497 /* Assets.xcassets in Resources */ = {isa = PBXBuildFile; fileRef = 991F9F972D0F5011008CD497 /* Assets.xcassets */; };
		991F9F9B2D0F5011008CD497 /* Preview Assets.xcassets in Resources */ = {isa = PBXBuildFile; fileRef = 991F9F9A2D0F5011008CD497 /* Preview Assets.xcassets */; };
		991F9FAD2D106708008CD497 /* Source.swift in Sources */ = {isa = PBXBuildFile; fileRef = 991F9FAC2D106708008CD497 /* Source.swift */; };
		991F9FAF2D107213008CD497 /* Splash.swift in Sources */ = {isa = PBXBuildFile; fileRef = 991F9FAE2D107213008CD497 /* Splash.swift */; };
		991F9FB22D10DC25008CD497 /* Recipes.swift in Sources */ = {isa = PBXBuildFile; fileRef = 991F9FB12D10DC25008CD497 /* Recipes.swift */; };
		991F9FB42D10E329008CD497 /* AddRecipe.swift in Sources */ = {isa = PBXBuildFile; fileRef = 991F9FB32D10E329008CD497 /* AddRecipe.swift */; };
		991F9FB72D10E46E008CD497 /* ImageViewRecipe.swift in Sources */ = {isa = PBXBuildFile; fileRef = 991F9FB62D10E46E008CD497 /* ImageViewRecipe.swift */; };
		991F9FB92D10E817008CD497 /* TextFieldCustom.swift in Sources */ = {isa = PBXBuildFile; fileRef = 991F9FB82D10E817008CD497 /* TextFieldCustom.swift */; };
		991F9FBB2D10ED6F008CD497 /* TextEditorCustom.swift in Sources */ = {isa = PBXBuildFile; fileRef = 991F9FBA2D10ED6F008CD497 /* TextEditorCustom.swift */; };
		991F9FBE2D10F2B6008CD497 /* Recipe.swift in Sources */ = {isa = PBXBuildFile; fileRef = 991F9FBD2D10F2B6008CD497 /* Recipe.swift */; };
		991F9FC02D10F627008CD497 /* RecipeCard.swift in Sources */ = {isa = PBXBuildFile; fileRef = 991F9FBF2D10F627008CD497 /* RecipeCard.swift */; };
		991F9FC22D1103AB008CD497 /* FavoriteRecipes.swift in Sources */ = {isa = PBXBuildFile; fileRef = 991F9FC12D1103AB008CD497 /* FavoriteRecipes.swift */; };
		991F9FC42D1105D1008CD497 /* RecipeDetails.swift in Sources */ = {isa = PBXBuildFile; fileRef = 991F9FC32D1105D1008CD497 /* RecipeDetails.swift */; };
		991F9FC82D111773008CD497 /* DeleteActionSheet.swift in Sources */ = {isa = PBXBuildFile; fileRef = 991F9FC72D111772008CD497 /* DeleteActionSheet.swift */; };
		991F9FCA2D12DE1B008CD497 /* EditRecipes.swift in Sources */ = {isa = PBXBuildFile; fileRef = 991F9FC92D12DE1B008CD497 /* EditRecipes.swift */; };
		991F9FCD2D12E1AC008CD497 /* TrackerView.swift in Sources */ = {isa = PBXBuildFile; fileRef = 991F9FCC2D12E1AC008CD497 /* TrackerView.swift */; };
		991F9FCF2D13EB52008CD497 /* AchievementsView.swift in Sources */ = {isa = PBXBuildFile; fileRef = 991F9FCE2D13EB52008CD497 /* AchievementsView.swift */; };
		991F9FD12D13EE9D008CD497 /* AchievementCard.swift in Sources */ = {isa = PBXBuildFile; fileRef = 991F9FD02D13EE9D008CD497 /* AchievementCard.swift */; };
		991F9FD32D13FEBD008CD497 /* CompleteView.swift in Sources */ = {isa = PBXBuildFile; fileRef = 991F9FD22D13FEBD008CD497 /* CompleteView.swift */; };
		991F9FD52D140924008CD497 /* Tab.swift in Sources */ = {isa = PBXBuildFile; fileRef = 991F9FD42D140923008CD497 /* Tab.swift */; };
		991F9FD72D140C45008CD497 /* SettingsView.swift in Sources */ = {isa = PBXBuildFile; fileRef = 991F9FD62D140C45008CD497 /* SettingsView.swift */; };
		991F9FD92D141288008CD497 /* PrepareView.swift in Sources */ = {isa = PBXBuildFile; fileRef = 991F9FD82D141288008CD497 /* PrepareView.swift */; };
		991F9FDD2D154827008CD497 /* DataModel.xcdatamodeld in Sources */ = {isa = PBXBuildFile; fileRef = 991F9FDB2D154827008CD497 /* DataModel.xcdatamodeld */; };
		991F9FDF2D1548E5008CD497 /* CoreDataStack.swift in Sources */ = {isa = PBXBuildFile; fileRef = 991F9FDE2D1548E5008CD497 /* CoreDataStack.swift */; };
		991F9FE12D154902008CD497 /* DataManager.swift in Sources */ = {isa = PBXBuildFile; fileRef = 991F9FE02D154902008CD497 /* DataManager.swift */; };
		991F9FE42D154943008CD497 /* RecipeCD+CoreDataClass.swift in Sources */ = {isa = PBXBuildFile; fileRef = 991F9FE22D154943008CD497 /* RecipeCD+CoreDataClass.swift */; };
		991F9FE52D154943008CD497 /* RecipeCD+CoreDataProperties.swift in Sources */ = {isa = PBXBuildFile; fileRef = 991F9FE32D154943008CD497 /* RecipeCD+CoreDataProperties.swift */; };
		991F9FE82D1898BC008CD497 /* AchievementCD+CoreDataClass.swift in Sources */ = {isa = PBXBuildFile; fileRef = 991F9FE62D1898BC008CD497 /* AchievementCD+CoreDataClass.swift */; };
		991F9FE92D1898BC008CD497 /* AchievementCD+CoreDataProperties.swift in Sources */ = {isa = PBXBuildFile; fileRef = 991F9FE72D1898BC008CD497 /* AchievementCD+CoreDataProperties.swift */; };
		991F9FEC2D189AE3008CD497 /* CurrentAchievementIndex+CoreDataClass.swift in Sources */ = {isa = PBXBuildFile; fileRef = 991F9FEA2D189AE3008CD497 /* CurrentAchievementIndex+CoreDataClass.swift */; };
		991F9FED2D189AE3008CD497 /* CurrentAchievementIndex+CoreDataProperties.swift in Sources */ = {isa = PBXBuildFile; fileRef = 991F9FEB2D189AE3008CD497 /* CurrentAchievementIndex+CoreDataProperties.swift */; };
		991F9FEF2D1C2FE0008CD497 /* CookingView.swift in Sources */ = {isa = PBXBuildFile; fileRef = 991F9FEE2D1C2FE0008CD497 /* CookingView.swift */; };
		991F9FF42D1C30E8008CD497 /* ProgressFull+CoreDataClass.swift in Sources */ = {isa = PBXBuildFile; fileRef = 991F9FF02D1C30E8008CD497 /* ProgressFull+CoreDataClass.swift */; };
		991F9FF52D1C30E8008CD497 /* ProgressFull+CoreDataProperties.swift in Sources */ = {isa = PBXBuildFile; fileRef = 991F9FF12D1C30E8008CD497 /* ProgressFull+CoreDataProperties.swift */; };
		991F9FF62D1C30E8008CD497 /* AchievementTitle+CoreDataClass.swift in Sources */ = {isa = PBXBuildFile; fileRef = 991F9FF22D1C30E8008CD497 /* AchievementTitle+CoreDataClass.swift */; };
		991F9FF72D1C30E8008CD497 /* AchievementTitle+CoreDataProperties.swift in Sources */ = {isa = PBXBuildFile; fileRef = 991F9FF32D1C30E8008CD497 /* AchievementTitle+CoreDataProperties.swift */; };
/* End PBXBuildFile section */

/* Begin PBXFileReference section */
		991F9F902D0F500F008CD497 /* App1178.app */ = {isa = PBXFileReference; explicitFileType = wrapper.application; includeInIndex = 0; path = App1178.app; sourceTree = BUILT_PRODUCTS_DIR; };
		991F9F932D0F500F008CD497 /* App1178App.swift */ = {isa = PBXFileReference; lastKnownFileType = sourcecode.swift; path = App1178App.swift; sourceTree = "<group>"; };
		991F9F952D0F500F008CD497 /* ContentView.swift */ = {isa = PBXFileReference; lastKnownFileType = sourcecode.swift; path = ContentView.swift; sourceTree = "<group>"; };
		991F9F972D0F5011008CD497 /* Assets.xcassets */ = {isa = PBXFileReference; lastKnownFileType = folder.assetcatalog; path = Assets.xcassets; sourceTree = "<group>"; };
		991F9F9A2D0F5011008CD497 /* Preview Assets.xcassets */ = {isa = PBXFileReference; lastKnownFileType = folder.assetcatalog; path = "Preview Assets.xcassets"; sourceTree = "<group>"; };
		991F9FAC2D106708008CD497 /* Source.swift */ = {isa = PBXFileReference; lastKnownFileType = sourcecode.swift; path = Source.swift; sourceTree = "<group>"; };
		991F9FAE2D107213008CD497 /* Splash.swift */ = {isa = PBXFileReference; lastKnownFileType = sourcecode.swift; path = Splash.swift; sourceTree = "<group>"; };
		991F9FB12D10DC25008CD497 /* Recipes.swift */ = {isa = PBXFileReference; lastKnownFileType = sourcecode.swift; path = Recipes.swift; sourceTree = "<group>"; };
		991F9FB32D10E329008CD497 /* AddRecipe.swift */ = {isa = PBXFileReference; lastKnownFileType = sourcecode.swift; path = AddRecipe.swift; sourceTree = "<group>"; };
		991F9FB62D10E46E008CD497 /* ImageViewRecipe.swift */ = {isa = PBXFileReference; lastKnownFileType = sourcecode.swift; path = ImageViewRecipe.swift; sourceTree = "<group>"; };
		991F9FB82D10E817008CD497 /* TextFieldCustom.swift */ = {isa = PBXFileReference; lastKnownFileType = sourcecode.swift; path = TextFieldCustom.swift; sourceTree = "<group>"; };
		991F9FBA2D10ED6F008CD497 /* TextEditorCustom.swift */ = {isa = PBXFileReference; lastKnownFileType = sourcecode.swift; path = TextEditorCustom.swift; sourceTree = "<group>"; };
		991F9FBD2D10F2B6008CD497 /* Recipe.swift */ = {isa = PBXFileReference; lastKnownFileType = sourcecode.swift; path = Recipe.swift; sourceTree = "<group>"; };
		991F9FBF2D10F627008CD497 /* RecipeCard.swift */ = {isa = PBXFileReference; lastKnownFileType = sourcecode.swift; path = RecipeCard.swift; sourceTree = "<group>"; };
		991F9FC12D1103AB008CD497 /* FavoriteRecipes.swift */ = {isa = PBXFileReference; lastKnownFileType = sourcecode.swift; path = FavoriteRecipes.swift; sourceTree = "<group>"; };
		991F9FC32D1105D1008CD497 /* RecipeDetails.swift */ = {isa = PBXFileReference; lastKnownFileType = sourcecode.swift; path = RecipeDetails.swift; sourceTree = "<group>"; };
		991F9FC72D111772008CD497 /* DeleteActionSheet.swift */ = {isa = PBXFileReference; lastKnownFileType = sourcecode.swift; path = DeleteActionSheet.swift; sourceTree = "<group>"; };
		991F9FC92D12DE1B008CD497 /* EditRecipes.swift */ = {isa = PBXFileReference; lastKnownFileType = sourcecode.swift; path = EditRecipes.swift; sourceTree = "<group>"; };
		991F9FCC2D12E1AC008CD497 /* TrackerView.swift */ = {isa = PBXFileReference; lastKnownFileType = sourcecode.swift; path = TrackerView.swift; sourceTree = "<group>"; };
		991F9FCE2D13EB52008CD497 /* AchievementsView.swift */ = {isa = PBXFileReference; lastKnownFileType = sourcecode.swift; path = AchievementsView.swift; sourceTree = "<group>"; };
		991F9FD02D13EE9D008CD497 /* AchievementCard.swift */ = {isa = PBXFileReference; lastKnownFileType = sourcecode.swift; path = AchievementCard.swift; sourceTree = "<group>"; };
		991F9FD22D13FEBD008CD497 /* CompleteView.swift */ = {isa = PBXFileReference; lastKnownFileType = sourcecode.swift; path = CompleteView.swift; sourceTree = "<group>"; };
		991F9FD42D140923008CD497 /* Tab.swift */ = {isa = PBXFileReference; lastKnownFileType = sourcecode.swift; path = Tab.swift; sourceTree = "<group>"; };
		991F9FD62D140C45008CD497 /* SettingsView.swift */ = {isa = PBXFileReference; lastKnownFileType = sourcecode.swift; path = SettingsView.swift; sourceTree = "<group>"; };
		991F9FD82D141288008CD497 /* PrepareView.swift */ = {isa = PBXFileReference; lastKnownFileType = sourcecode.swift; path = PrepareView.swift; sourceTree = "<group>"; };
		991F9FDC2D154827008CD497 /* DataModel.xcdatamodel */ = {isa = PBXFileReference; lastKnownFileType = wrapper.xcdatamodel; path = DataModel.xcdatamodel; sourceTree = "<group>"; };
		991F9FDE2D1548E5008CD497 /* CoreDataStack.swift */ = {isa = PBXFileReference; lastKnownFileType = sourcecode.swift; path = CoreDataStack.swift; sourceTree = "<group>"; };
		991F9FE02D154902008CD497 /* DataManager.swift */ = {isa = PBXFileReference; lastKnownFileType = sourcecode.swift; path = DataManager.swift; sourceTree = "<group>"; };
		991F9FE22D154943008CD497 /* RecipeCD+CoreDataClass.swift */ = {isa = PBXFileReference; lastKnownFileType = sourcecode.swift; path = "RecipeCD+CoreDataClass.swift"; sourceTree = "<group>"; };
		991F9FE32D154943008CD497 /* RecipeCD+CoreDataProperties.swift */ = {isa = PBXFileReference; lastKnownFileType = sourcecode.swift; path = "RecipeCD+CoreDataProperties.swift"; sourceTree = "<group>"; };
		991F9FE62D1898BC008CD497 /* AchievementCD+CoreDataClass.swift */ = {isa = PBXFileReference; lastKnownFileType = sourcecode.swift; path = "AchievementCD+CoreDataClass.swift"; sourceTree = "<group>"; };
		991F9FE72D1898BC008CD497 /* AchievementCD+CoreDataProperties.swift */ = {isa = PBXFileReference; lastKnownFileType = sourcecode.swift; path = "AchievementCD+CoreDataProperties.swift"; sourceTree = "<group>"; };
		991F9FEA2D189AE3008CD497 /* CurrentAchievementIndex+CoreDataClass.swift */ = {isa = PBXFileReference; lastKnownFileType = sourcecode.swift; path = "CurrentAchievementIndex+CoreDataClass.swift"; sourceTree = "<group>"; };
		991F9FEB2D189AE3008CD497 /* CurrentAchievementIndex+CoreDataProperties.swift */ = {isa = PBXFileReference; lastKnownFileType = sourcecode.swift; path = "CurrentAchievementIndex+CoreDataProperties.swift"; sourceTree = "<group>"; };
		991F9FEE2D1C2FE0008CD497 /* CookingView.swift */ = {isa = PBXFileReference; lastKnownFileType = sourcecode.swift; path = CookingView.swift; sourceTree = "<group>"; };
		991F9FF02D1C30E8008CD497 /* ProgressFull+CoreDataClass.swift */ = {isa = PBXFileReference; lastKnownFileType = sourcecode.swift; path = "ProgressFull+CoreDataClass.swift"; sourceTree = "<group>"; };
		991F9FF12D1C30E8008CD497 /* ProgressFull+CoreDataProperties.swift */ = {isa = PBXFileReference; lastKnownFileType = sourcecode.swift; path = "ProgressFull+CoreDataProperties.swift"; sourceTree = "<group>"; };
		991F9FF22D1C30E8008CD497 /* AchievementTitle+CoreDataClass.swift */ = {isa = PBXFileReference; lastKnownFileType = sourcecode.swift; path = "AchievementTitle+CoreDataClass.swift"; sourceTree = "<group>"; };
		991F9FF32D1C30E8008CD497 /* AchievementTitle+CoreDataProperties.swift */ = {isa = PBXFileReference; lastKnownFileType = sourcecode.swift; path = "AchievementTitle+CoreDataProperties.swift"; sourceTree = "<group>"; };
/* End PBXFileReference section */

/* Begin PBXFrameworksBuildPhase section */
		991F9F8D2D0F500F008CD497 /* Frameworks */ = {
			isa = PBXFrameworksBuildPhase;
			buildActionMask = 2147483647;
			files = (
			);
			runOnlyForDeploymentPostprocessing = 0;
		};
/* End PBXFrameworksBuildPhase section */

/* Begin PBXGroup section */
		991F9F872D0F500F008CD497 = {
			isa = PBXGroup;
			children = (
				991F9F922D0F500F008CD497 /* App1178 */,
				991F9F912D0F500F008CD497 /* Products */,
			);
			sourceTree = "<group>";
		};
		991F9F912D0F500F008CD497 /* Products */ = {
			isa = PBXGroup;
			children = (
				991F9F902D0F500F008CD497 /* App1178.app */,
			);
			name = Products;
			sourceTree = "<group>";
		};
		991F9F922D0F500F008CD497 /* App1178 */ = {
			isa = PBXGroup;
			children = (
				991F9FDA2D154817008CD497 /* CoreData */,
				991F9FBC2D10F2A5008CD497 /* Model */,
				991F9FAB2D1066FF008CD497 /* Views */,
				991F9F932D0F500F008CD497 /* App1178App.swift */,
				991F9F952D0F500F008CD497 /* ContentView.swift */,
				991F9F972D0F5011008CD497 /* Assets.xcassets */,
				991F9F992D0F5011008CD497 /* Preview Content */,
				991F9FAC2D106708008CD497 /* Source.swift */,
			);
			path = App1178;
			sourceTree = "<group>";
		};
		991F9F992D0F5011008CD497 /* Preview Content */ = {
			isa = PBXGroup;
			children = (
				991F9F9A2D0F5011008CD497 /* Preview Assets.xcassets */,
			);
			path = "Preview Content";
			sourceTree = "<group>";
		};
		991F9FAB2D1066FF008CD497 /* Views */ = {
			isa = PBXGroup;
			children = (
				991F9FCB2D12E186008CD497 /* Tracker */,
				991F9FB52D10E459008CD497 /* Components */,
				991F9FB02D10DC17008CD497 /* Recipes */,
				991F9FAE2D107213008CD497 /* Splash.swift */,
				991F9FD42D140923008CD497 /* Tab.swift */,
				991F9FD62D140C45008CD497 /* SettingsView.swift */,
			);
			path = Views;
			sourceTree = "<group>";
		};
		991F9FB02D10DC17008CD497 /* Recipes */ = {
			isa = PBXGroup;
			children = (
				991F9FB12D10DC25008CD497 /* Recipes.swift */,
				991F9FB32D10E329008CD497 /* AddRecipe.swift */,
				991F9FBF2D10F627008CD497 /* RecipeCard.swift */,
				991F9FC12D1103AB008CD497 /* FavoriteRecipes.swift */,
				991F9FC32D1105D1008CD497 /* RecipeDetails.swift */,
				991F9FC72D111772008CD497 /* DeleteActionSheet.swift */,
				991F9FC92D12DE1B008CD497 /* EditRecipes.swift */,
				991F9FD82D141288008CD497 /* PrepareView.swift */,
			);
			path = Recipes;
			sourceTree = "<group>";
		};
		991F9FB52D10E459008CD497 /* Components */ = {
			isa = PBXGroup;
			children = (
				991F9FB62D10E46E008CD497 /* ImageViewRecipe.swift */,
				991F9FB82D10E817008CD497 /* TextFieldCustom.swift */,
				991F9FBA2D10ED6F008CD497 /* TextEditorCustom.swift */,
			);
			path = Components;
			sourceTree = "<group>";
		};
		991F9FBC2D10F2A5008CD497 /* Model */ = {
			isa = PBXGroup;
			children = (
				991F9FBD2D10F2B6008CD497 /* Recipe.swift */,
			);
			path = Model;
			sourceTree = "<group>";
		};
		991F9FCB2D12E186008CD497 /* Tracker */ = {
			isa = PBXGroup;
			children = (
				991F9FCC2D12E1AC008CD497 /* TrackerView.swift */,
				991F9FCE2D13EB52008CD497 /* AchievementsView.swift */,
				991F9FD02D13EE9D008CD497 /* AchievementCard.swift */,
				991F9FD22D13FEBD008CD497 /* CompleteView.swift */,
				991F9FEE2D1C2FE0008CD497 /* CookingView.swift */,
			);
			path = Tracker;
			sourceTree = "<group>";
		};
		991F9FDA2D154817008CD497 /* CoreData */ = {
			isa = PBXGroup;
			children = (
				991F9FF02D1C30E8008CD497 /* ProgressFull+CoreDataClass.swift */,
				991F9FF12D1C30E8008CD497 /* ProgressFull+CoreDataProperties.swift */,
				991F9FF22D1C30E8008CD497 /* AchievementTitle+CoreDataClass.swift */,
				991F9FF32D1C30E8008CD497 /* AchievementTitle+CoreDataProperties.swift */,
				991F9FEA2D189AE3008CD497 /* CurrentAchievementIndex+CoreDataClass.swift */,
				991F9FEB2D189AE3008CD497 /* CurrentAchievementIndex+CoreDataProperties.swift */,
				991F9FE62D1898BC008CD497 /* AchievementCD+CoreDataClass.swift */,
				991F9FE72D1898BC008CD497 /* AchievementCD+CoreDataProperties.swift */,
				991F9FE22D154943008CD497 /* RecipeCD+CoreDataClass.swift */,
				991F9FE32D154943008CD497 /* RecipeCD+CoreDataProperties.swift */,
				991F9FDB2D154827008CD497 /* DataModel.xcdatamodeld */,
				991F9FDE2D1548E5008CD497 /* CoreDataStack.swift */,
				991F9FE02D154902008CD497 /* DataManager.swift */,
			);
			path = CoreData;
			sourceTree = "<group>";
		};
/* End PBXGroup section */

/* Begin PBXNativeTarget section */
		991F9F8F2D0F500F008CD497 /* App1178 */ = {
			isa = PBXNativeTarget;
			buildConfigurationList = 991F9F9E2D0F5011008CD497 /* Build configuration list for PBXNativeTarget "App1178" */;
			buildPhases = (
				991F9F8C2D0F500F008CD497 /* Sources */,
				991F9F8D2D0F500F008CD497 /* Frameworks */,
				991F9F8E2D0F500F008CD497 /* Resources */,
			);
			buildRules = (
			);
			dependencies = (
			);
			name = App1178;
			productName = App1178;
			productReference = 991F9F902D0F500F008CD497 /* App1178.app */;
			productType = "com.apple.product-type.application";
		};
/* End PBXNativeTarget section */

/* Begin PBXProject section */
		991F9F882D0F500F008CD497 /* Project object */ = {
			isa = PBXProject;
			attributes = {
				BuildIndependentTargetsInParallel = 1;
				LastSwiftUpdateCheck = 1540;
				LastUpgradeCheck = 1540;
				TargetAttributes = {
					991F9F8F2D0F500F008CD497 = {
						CreatedOnToolsVersion = 15.4;
					};
				};
			};
			buildConfigurationList = 991F9F8B2D0F500F008CD497 /* Build configuration list for PBXProject "App1178" */;
			compatibilityVersion = "Xcode 14.0";
			developmentRegion = en;
			hasScannedForEncodings = 0;
			knownRegions = (
				en,
				Base,
			);
			mainGroup = 991F9F872D0F500F008CD497;
			productRefGroup = 991F9F912D0F500F008CD497 /* Products */;
			projectDirPath = "";
			projectRoot = "";
			targets = (
				991F9F8F2D0F500F008CD497 /* App1178 */,
			);
		};
/* End PBXProject section */

/* Begin PBXResourcesBuildPhase section */
		991F9F8E2D0F500F008CD497 /* Resources */ = {
			isa = PBXResourcesBuildPhase;
			buildActionMask = 2147483647;
			files = (
				991F9F9B2D0F5011008CD497 /* Preview Assets.xcassets in Resources */,
				991F9F982D0F5011008CD497 /* Assets.xcassets in Resources */,
			);
			runOnlyForDeploymentPostprocessing = 0;
		};
/* End PBXResourcesBuildPhase section */

/* Begin PBXSourcesBuildPhase section */
		991F9F8C2D0F500F008CD497 /* Sources */ = {
			isa = PBXSourcesBuildPhase;
			buildActionMask = 2147483647;
			files = (
				991F9FF42D1C30E8008CD497 /* ProgressFull+CoreDataClass.swift in Sources */,
				991F9FF52D1C30E8008CD497 /* ProgressFull+CoreDataProperties.swift in Sources */,
				991F9FF62D1C30E8008CD497 /* AchievementTitle+CoreDataClass.swift in Sources */,
				991F9FF72D1C30E8008CD497 /* AchievementTitle+CoreDataProperties.swift in Sources */,
				991F9FD72D140C45008CD497 /* SettingsView.swift in Sources */,
				991F9FCA2D12DE1B008CD497 /* EditRecipes.swift in Sources */,
				991F9FD12D13EE9D008CD497 /* AchievementCard.swift in Sources */,
				991F9FB22D10DC25008CD497 /* Recipes.swift in Sources */,
				991F9FE42D154943008CD497 /* RecipeCD+CoreDataClass.swift in Sources */,
				991F9FE52D154943008CD497 /* RecipeCD+CoreDataProperties.swift in Sources */,
				991F9FBB2D10ED6F008CD497 /* TextEditorCustom.swift in Sources */,
				991F9FCD2D12E1AC008CD497 /* TrackerView.swift in Sources */,
				991F9F962D0F500F008CD497 /* ContentView.swift in Sources */,
				991F9F942D0F500F008CD497 /* App1178App.swift in Sources */,
				991F9FD52D140924008CD497 /* Tab.swift in Sources */,
				991F9FDD2D154827008CD497 /* DataModel.xcdatamodeld in Sources */,
				991F9FD32D13FEBD008CD497 /* CompleteView.swift in Sources */,
				991F9FB42D10E329008CD497 /* AddRecipe.swift in Sources */,
				991F9FB92D10E817008CD497 /* TextFieldCustom.swift in Sources */,
				991F9FD92D141288008CD497 /* PrepareView.swift in Sources */,
				991F9FAF2D107213008CD497 /* Splash.swift in Sources */,
				991F9FEF2D1C2FE0008CD497 /* CookingView.swift in Sources */,
				991F9FDF2D1548E5008CD497 /* CoreDataStack.swift in Sources */,
				991F9FAD2D106708008CD497 /* Source.swift in Sources */,
				991F9FCF2D13EB52008CD497 /* AchievementsView.swift in Sources */,
				991F9FEC2D189AE3008CD497 /* CurrentAchievementIndex+CoreDataClass.swift in Sources */,
				991F9FED2D189AE3008CD497 /* CurrentAchievementIndex+CoreDataProperties.swift in Sources */,
				991F9FB72D10E46E008CD497 /* ImageViewRecipe.swift in Sources */,
				991F9FC42D1105D1008CD497 /* RecipeDetails.swift in Sources */,
				991F9FC82D111773008CD497 /* DeleteActionSheet.swift in Sources */,
				991F9FE12D154902008CD497 /* DataManager.swift in Sources */,
				991F9FE82D1898BC008CD497 /* AchievementCD+CoreDataClass.swift in Sources */,
				991F9FE92D1898BC008CD497 /* AchievementCD+CoreDataProperties.swift in Sources */,
				991F9FC02D10F627008CD497 /* RecipeCard.swift in Sources */,
				991F9FBE2D10F2B6008CD497 /* Recipe.swift in Sources */,
				991F9FC22D1103AB008CD497 /* FavoriteRecipes.swift in Sources */,
			);
			runOnlyForDeploymentPostprocessing = 0;
		};
/* End PBXSourcesBuildPhase section */

/* Begin XCBuildConfiguration section */
		991F9F9C2D0F5011008CD497 /* Debug */ = {
			isa = XCBuildConfiguration;
			buildSettings = {
				ALWAYS_SEARCH_USER_PATHS = NO;
				ASSETCATALOG_COMPILER_GENERATE_SWIFT_ASSET_SYMBOL_EXTENSIONS = YES;
				CLANG_ANALYZER_NONNULL = YES;
				CLANG_ANALYZER_NUMBER_OBJECT_CONVERSION = YES_AGGRESSIVE;
				CLANG_CXX_LANGUAGE_STANDARD = "gnu++20";
				CLANG_ENABLE_MODULES = YES;
				CLANG_ENABLE_OBJC_ARC = YES;
				CLANG_ENABLE_OBJC_WEAK = YES;
				CLANG_WARN_BLOCK_CAPTURE_AUTORELEASING = YES;
				CLANG_WARN_BOOL_CONVERSION = YES;
				CLANG_WARN_COMMA = YES;
				CLANG_WARN_CONSTANT_CONVERSION = YES;
				CLANG_WARN_DEPRECATED_OBJC_IMPLEMENTATIONS = YES;
				CLANG_WARN_DIRECT_OBJC_ISA_USAGE = YES_ERROR;
				CLANG_WARN_DOCUMENTATION_COMMENTS = YES;
				CLANG_WARN_EMPTY_BODY = YES;
				CLANG_WARN_ENUM_CONVERSION = YES;
				CLANG_WARN_INFINITE_RECURSION = YES;
				CLANG_WARN_INT_CONVERSION = YES;
				CLANG_WARN_NON_LITERAL_NULL_CONVERSION = YES;
				CLANG_WARN_OBJC_IMPLICIT_RETAIN_SELF = YES;
				CLANG_WARN_OBJC_LITERAL_CONVERSION = YES;
				CLANG_WARN_OBJC_ROOT_CLASS = YES_ERROR;
				CLANG_WARN_QUOTED_INCLUDE_IN_FRAMEWORK_HEADER = YES;
				CLANG_WARN_RANGE_LOOP_ANALYSIS = YES;
				CLANG_WARN_STRICT_PROTOTYPES = YES;
				CLANG_WARN_SUSPICIOUS_MOVE = YES;
				CLANG_WARN_UNGUARDED_AVAILABILITY = YES_AGGRESSIVE;
				CLANG_WARN_UNREACHABLE_CODE = YES;
				CLANG_WARN__DUPLICATE_METHOD_MATCH = YES;
				COPY_PHASE_STRIP = NO;
				DEBUG_INFORMATION_FORMAT = dwarf;
				ENABLE_STRICT_OBJC_MSGSEND = YES;
				ENABLE_TESTABILITY = YES;
				ENABLE_USER_SCRIPT_SANDBOXING = YES;
				GCC_C_LANGUAGE_STANDARD = gnu17;
				GCC_DYNAMIC_NO_PIC = NO;
				GCC_NO_COMMON_BLOCKS = YES;
				GCC_OPTIMIZATION_LEVEL = 0;
				GCC_PREPROCESSOR_DEFINITIONS = (
					"DEBUG=1",
					"$(inherited)",
				);
				GCC_WARN_64_TO_32_BIT_CONVERSION = YES;
				GCC_WARN_ABOUT_RETURN_TYPE = YES_ERROR;
				GCC_WARN_UNDECLARED_SELECTOR = YES;
				GCC_WARN_UNINITIALIZED_AUTOS = YES_AGGRESSIVE;
				GCC_WARN_UNUSED_FUNCTION = YES;
				GCC_WARN_UNUSED_VARIABLE = YES;
				IPHONEOS_DEPLOYMENT_TARGET = 17.5;
				LOCALIZATION_PREFERS_STRING_CATALOGS = YES;
				MTL_ENABLE_DEBUG_INFO = INCLUDE_SOURCE;
				MTL_FAST_MATH = YES;
				ONLY_ACTIVE_ARCH = YES;
				SDKROOT = iphoneos;
				SWIFT_ACTIVE_COMPILATION_CONDITIONS = "DEBUG $(inherited)";
				SWIFT_OPTIMIZATION_LEVEL = "-Onone";
			};
			name = Debug;
		};
		991F9F9D2D0F5011008CD497 /* Release */ = {
			isa = XCBuildConfiguration;
			buildSettings = {
				ALWAYS_SEARCH_USER_PATHS = NO;
				ASSETCATALOG_COMPILER_GENERATE_SWIFT_ASSET_SYMBOL_EXTENSIONS = YES;
				CLANG_ANALYZER_NONNULL = YES;
				CLANG_ANALYZER_NUMBER_OBJECT_CONVERSION = YES_AGGRESSIVE;
				CLANG_CXX_LANGUAGE_STANDARD = "gnu++20";
				CLANG_ENABLE_MODULES = YES;
				CLANG_ENABLE_OBJC_ARC = YES;
				CLANG_ENABLE_OBJC_WEAK = YES;
				CLANG_WARN_BLOCK_CAPTURE_AUTORELEASING = YES;
				CLANG_WARN_BOOL_CONVERSION = YES;
				CLANG_WARN_COMMA = YES;
				CLANG_WARN_CONSTANT_CONVERSION = YES;
				CLANG_WARN_DEPRECATED_OBJC_IMPLEMENTATIONS = YES;
				CLANG_WARN_DIRECT_OBJC_ISA_USAGE = YES_ERROR;
				CLANG_WARN_DOCUMENTATION_COMMENTS = YES;
				CLANG_WARN_EMPTY_BODY = YES;
				CLANG_WARN_ENUM_CONVERSION = YES;
				CLANG_WARN_INFINITE_RECURSION = YES;
				CLANG_WARN_INT_CONVERSION = YES;
				CLANG_WARN_NON_LITERAL_NULL_CONVERSION = YES;
				CLANG_WARN_OBJC_IMPLICIT_RETAIN_SELF = YES;
				CLANG_WARN_OBJC_LITERAL_CONVERSION = YES;
				CLANG_WARN_OBJC_ROOT_CLASS = YES_ERROR;
				CLANG_WARN_QUOTED_INCLUDE_IN_FRAMEWORK_HEADER = YES;
				CLANG_WARN_RANGE_LOOP_ANALYSIS = YES;
				CLANG_WARN_STRICT_PROTOTYPES = YES;
				CLANG_WARN_SUSPICIOUS_MOVE = YES;
				CLANG_WARN_UNGUARDED_AVAILABILITY = YES_AGGRESSIVE;
				CLANG_WARN_UNREACHABLE_CODE = YES;
				CLANG_WARN__DUPLICATE_METHOD_MATCH = YES;
				COPY_PHASE_STRIP = NO;
				DEBUG_INFORMATION_FORMAT = "dwarf-with-dsym";
				ENABLE_NS_ASSERTIONS = NO;
				ENABLE_STRICT_OBJC_MSGSEND = YES;
				ENABLE_USER_SCRIPT_SANDBOXING = YES;
				GCC_C_LANGUAGE_STANDARD = gnu17;
				GCC_NO_COMMON_BLOCKS = YES;
				GCC_WARN_64_TO_32_BIT_CONVERSION = YES;
				GCC_WARN_ABOUT_RETURN_TYPE = YES_ERROR;
				GCC_WARN_UNDECLARED_SELECTOR = YES;
				GCC_WARN_UNINITIALIZED_AUTOS = YES_AGGRESSIVE;
				GCC_WARN_UNUSED_FUNCTION = YES;
				GCC_WARN_UNUSED_VARIABLE = YES;
				IPHONEOS_DEPLOYMENT_TARGET = 17.5;
				LOCALIZATION_PREFERS_STRING_CATALOGS = YES;
				MTL_ENABLE_DEBUG_INFO = NO;
				MTL_FAST_MATH = YES;
				SDKROOT = iphoneos;
				SWIFT_COMPILATION_MODE = wholemodule;
				VALIDATE_PRODUCT = YES;
			};
			name = Release;
		};
		991F9F9F2D0F5011008CD497 /* Debug */ = {
			isa = XCBuildConfiguration;
			buildSettings = {
				ASSETCATALOG_COMPILER_APPICON_NAME = AppIcon;
				ASSETCATALOG_COMPILER_GLOBAL_ACCENT_COLOR_NAME = AccentColor;
				CODE_SIGN_STYLE = Automatic;
				CURRENT_PROJECT_VERSION = 1;
				DEVELOPMENT_ASSET_PATHS = "\"App1178/Preview Content\"";
				ENABLE_PREVIEWS = YES;
				GENERATE_INFOPLIST_FILE = YES;
				INFOPLIST_KEY_CFBundleDisplayName = "Sweet Recipe: Tracker Hobby";
				INFOPLIST_KEY_UIApplicationSceneManifest_Generation = YES;
				INFOPLIST_KEY_UIApplicationSupportsIndirectInputEvents = YES;
				INFOPLIST_KEY_UILaunchScreen_Generation = YES;
				INFOPLIST_KEY_UISupportedInterfaceOrientations = "UIInterfaceOrientationLandscapeLeft UIInterfaceOrientationLandscapeRight UIInterfaceOrientationPortrait";
				INFOPLIST_KEY_UISupportedInterfaceOrientations_iPad = "UIInterfaceOrientationLandscapeLeft UIInterfaceOrientationLandscapeRight UIInterfaceOrientationPortrait UIInterfaceOrientationPortraitUpsideDown";
				IPHONEOS_DEPLOYMENT_TARGET = 14;
				LD_RUNPATH_SEARCH_PATHS = (
					"$(inherited)",
					"@executable_path/Frameworks",
				);
				MARKETING_VERSION = 1.2;
				PRODUCT_BUNDLE_IDENTIFIER = com.ros.sw3r3ctrh0bb;
				PRODUCT_NAME = "$(TARGET_NAME)";
				SUPPORTED_PLATFORMS = "iphoneos iphonesimulator";
				SUPPORTS_MACCATALYST = NO;
				SUPPORTS_MAC_DESIGNED_FOR_IPHONE_IPAD = NO;
				SUPPORTS_XR_DESIGNED_FOR_IPHONE_IPAD = NO;
				SWIFT_EMIT_LOC_STRINGS = YES;
				SWIFT_VERSION = 5.0;
				TARGETED_DEVICE_FAMILY = 1;
			};
			name = Debug;
		};
		991F9FA02D0F5011008CD497 /* Release */ = {
			isa = XCBuildConfiguration;
			buildSettings = {
				ASSETCATALOG_COMPILER_APPICON_NAME = AppIcon;
				ASSETCATALOG_COMPILER_GLOBAL_ACCENT_COLOR_NAME = AccentColor;
				CODE_SIGN_STYLE = Automatic;
				CURRENT_PROJECT_VERSION = 1;
				DEVELOPMENT_ASSET_PATHS = "\"App1178/Preview Content\"";
				ENABLE_PREVIEWS = YES;
				GENERATE_INFOPLIST_FILE = YES;
				INFOPLIST_KEY_CFBundleDisplayName = "Sweet Recipe: Tracker Hobby";
				INFOPLIST_KEY_UIApplicationSceneManifest_Generation = YES;
				INFOPLIST_KEY_UIApplicationSupportsIndirectInputEvents = YES;
				INFOPLIST_KEY_UILaunchScreen_Generation = YES;
				INFOPLIST_KEY_UISupportedInterfaceOrientations = "UIInterfaceOrientationLandscapeLeft UIInterfaceOrientationLandscapeRight UIInterfaceOrientationPortrait";
				INFOPLIST_KEY_UISupportedInterfaceOrientations_iPad = "UIInterfaceOrientationLandscapeLeft UIInterfaceOrientationLandscapeRight UIInterfaceOrientationPortrait UIInterfaceOrientationPortraitUpsideDown";
				IPHONEOS_DEPLOYMENT_TARGET = 14;
				LD_RUNPATH_SEARCH_PATHS = (
					"$(inherited)",
					"@executable_path/Frameworks",
				);
				MARKETING_VERSION = 1.2;
				PRODUCT_BUNDLE_IDENTIFIER = com.ros.sw3r3ctrh0bb;
				PRODUCT_NAME = "$(TARGET_NAME)";
				SUPPORTED_PLATFORMS = "iphoneos iphonesimulator";
				SUPPORTS_MACCATALYST = NO;
				SUPPORTS_MAC_DESIGNED_FOR_IPHONE_IPAD = NO;
				SUPPORTS_XR_DESIGNED_FOR_IPHONE_IPAD = NO;
				SWIFT_EMIT_LOC_STRINGS = YES;
				SWIFT_VERSION = 5.0;
				TARGETED_DEVICE_FAMILY = 1;
			};
			name = Release;
		};
/* End XCBuildConfiguration section */

/* Begin XCConfigurationList section */
		991F9F8B2D0F500F008CD497 /* Build configuration list for PBXProject "App1178" */ = {
			isa = XCConfigurationList;
			buildConfigurations = (
				991F9F9C2D0F5011008CD497 /* Debug */,
				991F9F9D2D0F5011008CD497 /* Release */,
			);
			defaultConfigurationIsVisible = 0;
			defaultConfigurationName = Release;
		};
		991F9F9E2D0F5011008CD497 /* Build configuration list for PBXNativeTarget "App1178" */ = {
			isa = XCConfigurationList;
			buildConfigurations = (
				991F9F9F2D0F5011008CD497 /* Debug */,
				991F9FA02D0F5011008CD497 /* Release */,
			);
			defaultConfigurationIsVisible = 0;
			defaultConfigurationName = Release;
		};
/* End XCConfigurationList section */

/* Begin XCVersionGroup section */
		991F9FDB2D154827008CD497 /* DataModel.xcdatamodeld */ = {
			isa = XCVersionGroup;
			children = (
				991F9FDC2D154827008CD497 /* DataModel.xcdatamodel */,
			);
			currentVersion = 991F9FDC2D154827008CD497 /* DataModel.xcdatamodel */;
			path = DataModel.xcdatamodeld;
			sourceTree = "<group>";
			versionGroupType = wrapper.xcdatamodel;
		};
/* End XCVersionGroup section */
	};
	rootObject = 991F9F882D0F500F008CD497 /* Project object */;
}
